github.com/getoutreach/gobox v1.57.2 h1:gFNqbvJeGOCZOUGdrO3ZczyVY3Dc0uoPdHRhfZuz3Zc=
github.com/getoutreach/gobox v1.57.2/go.mod h1:9vElYMRvifv232g372/8hD6jeRu3QcUep/1p7jsGznQ=
github.com/go-chi/chi v1.5.4 h1:QHdzF2szwjqVV4wmByUnTcsbIg7UGaQ0tPF2t5GcAIs=
github.com/go-chi/chi v1.5.4/go.mod h1:uaf8YgoFazUOkPBG7fxPftUylNumIev9awIWOENIuEg=
github.com/google/go-cmp v0.5.8 h1:e6P7q2lk1O+qJJb4BtCQXlK8vWEO8V1ZeuEdJNOqZyg=
github.com/google/uuid v1.3.0 h1:t6JiXgmwXMjEs8VusXIJk2BXHsn+wx8BZdTaoZ5fu7I=
github.com/google/uuid v1.3.0/go.mod h1:TIyPZe4MgqvfeYDBFedMoGGpEw/LqOeaOT+nhxU+yHo=
github.com/pkg/errors v0.9.1 h1:FEBLx1zS214owpjy7qsBeixbURkuhQAwrK5UwLGTwt4=
gotest.tools/v3 v3.1.0 h1:rVV8Tcg/8jHUkPUorwjaMTtemIMVXfIPKiOqnhEhakk=
